
Microsoft Visual Studio Solution File, Format Version 12.00
# Visual Studio Version 17
VisualStudioVersion = 17.5.002.0
MinimumVisualStudioVersion = 10.0.40219.1
Project("{9A19103F-16F7-4668-BE54-9A1E7A4F7556}") = "Bank", "Bank\Bank.csproj", "{9405E5FD-EB3D-48D8-B79A-B65B1D54EB76}"
EndProject
Project("{9A19103F-16F7-4668-BE54-9A1E7A4F7556}") = "BankTests", "BankTests\BankTests.csproj", "{2E013022-D830-45B6-B351-858FEB927014}"
EndProject
Global
	GlobalSection(SolutionConfigurationPlatforms) = preSolution
		Debug|Any CPU = Debug|Any CPU
		Release|Any CPU = Release|Any CPU
	EndGlobalSection
	GlobalSection(ProjectConfigurationPlatforms) = postSolution
		{9405E5FD-EB3D-48D8-B79A-B65B1D54EB76}.Debug|Any CPU.ActiveCfg = Debug|Any CPU
		{9405E5FD-EB3D-48D8-B79A-B65B1D54EB76}.Debug|Any CPU.Build.0 = Debug|Any CPU
		{9405E5FD-EB3D-48D8-B79A-B65B1D54EB76}.Release|Any CPU.ActiveCfg = Release|Any CPU
		{9405E5FD-EB3D-48D8-B79A-B65B1D54EB76}.Release|Any CPU.Build.0 = Release|Any CPU
		{2E013022-D830-45B6-B351-858FEB927014}.Debug|Any CPU.ActiveCfg = Debug|Any CPU
		{2E013022-D830-45B6-B351-858FEB927014}.Debug|Any CPU.Build.0 = Debug|Any CPU
		{2E013022-D830-45B6-B351-858FEB927014}.Release|Any CPU.ActiveCfg = Release|Any CPU
		{2E013022-D830-45B6-B351-858FEB927014}.Release|Any CPU.Build.0 = Release|Any CPU
	EndGlobalSection
	GlobalSection(SolutionProperties) = preSolution
		HideSolutionNode = FALSE
	EndGlobalSection
	GlobalSection(ExtensibilityGlobals) = postSolution
		SolutionGuid = {E0F0A9AA-8D71-467B-9791-EC2138A53E2D}
	EndGlobalSection
EndGlobal
